
Microsoft Visual Studio Solution File, Format Version 12.00
# Visual Studio Version 16
VisualStudioVersion = 16.0.29806.167
MinimumVisualStudioVersion = 10.0.40219.1
Project("{FAE04EC0-301F-11D3-BF4B-00C04F79EFBC}") = "FrontendIntegration.Chrome", "FrontendIntegration.Chrome\FrontendIntegration.Chrome.csproj", "{180BE018-0437-46C3-B6C3-92745DFDE9EB}"
EndProject
Project("{FAE04EC0-301F-11D3-BF4B-00C04F79EFBC}") = "FrontendIntegration.Edge", "FrontendIntegration.Edge\FrontendIntegration.Edge.csproj", "{5D73FDF1-ADBE-4557-983A-133EBB71911A}"
EndProject
Project("{FAE04EC0-301F-11D3-BF4B-00C04F79EFBC}") = "FrontendIntegration.InternetExplorer", "FrontendIntegration.InternetExplorer\FrontendIntegration.InternetExplorer.csproj", "{3F3B3820-5C08-48EC-AD7D-9EB5501D05E7}"
EndProject
Project("{FAE04EC0-301F-11D3-BF4B-00C04F79EFBC}") = "FrontendIntegration.Server", "FrontendIntegration.Server\FrontendIntegration.Server.csproj", "{CD5D45F6-AFA8-465A-9C9A-D4026F43BEC9}"
EndProject
Global
	GlobalSection(SolutionConfigurationPlatforms) = preSolution
		Debug|Any CPU = Debug|Any CPU
		Debug|x86 = Debug|x86
		Release|Any CPU = Release|Any CPU
		Release|x86 = Release|x86
	EndGlobalSection
	GlobalSection(ProjectConfigurationPlatforms) = postSolution
		{180BE018-0437-46C3-B6C3-92745DFDE9EB}.Debug|Any CPU.ActiveCfg = Debug|Any CPU
		{180BE018-0437-46C3-B6C3-92745DFDE9EB}.Debug|Any CPU.Build.0 = Debug|Any CPU
		{180BE018-0437-46C3-B6C3-92745DFDE9EB}.Debug|x86.ActiveCfg = Debug|x86
		{180BE018-0437-46C3-B6C3-92745DFDE9EB}.Debug|x86.Build.0 = Debug|x86
		{180BE018-0437-46C3-B6C3-92745DFDE9EB}.Release|Any CPU.ActiveCfg = Release|Any CPU
		{180BE018-0437-46C3-B6C3-92745DFDE9EB}.Release|Any CPU.Build.0 = Release|Any CPU
		{180BE018-0437-46C3-B6C3-92745DFDE9EB}.Release|x86.ActiveCfg = Release|x86
		{180BE018-0437-46C3-B6C3-92745DFDE9EB}.Release|x86.Build.0 = Release|x86
		{5D73FDF1-ADBE-4557-983A-133EBB71911A}.Debug|Any CPU.ActiveCfg = Debug|Any CPU
		{5D73FDF1-ADBE-4557-983A-133EBB71911A}.Debug|Any CPU.Build.0 = Debug|Any CPU
		{5D73FDF1-ADBE-4557-983A-133EBB71911A}.Debug|x86.ActiveCfg = Debug|Any CPU
		{5D73FDF1-ADBE-4557-983A-133EBB71911A}.Debug|x86.Build.0 = Debug|Any CPU
		{5D73FDF1-ADBE-4557-983A-133EBB71911A}.Release|Any CPU.ActiveCfg = Release|Any CPU
		{5D73FDF1-ADBE-4557-983A-133EBB71911A}.Release|Any CPU.Build.0 = Release|Any CPU
		{5D73FDF1-ADBE-4557-983A-133EBB71911A}.Release|x86.ActiveCfg = Release|Any CPU
		{5D73FDF1-ADBE-4557-983A-133EBB71911A}.Release|x86.Build.0 = Release|Any CPU
		{3F3B3820-5C08-48EC-AD7D-9EB5501D05E7}.Debug|Any CPU.ActiveCfg = Debug|Any CPU
		{3F3B3820-5C08-48EC-AD7D-9EB5501D05E7}.Debug|Any CPU.Build.0 = Debug|Any CPU
		{3F3B3820-5C08-48EC-AD7D-9EB5501D05E7}.Debug|x86.ActiveCfg = Debug|Any CPU
		{3F3B3820-5C08-48EC-AD7D-9EB5501D05E7}.Debug|x86.Build.0 = Debug|Any CPU
		{3F3B3820-5C08-48EC-AD7D-9EB5501D05E7}.Release|Any CPU.ActiveCfg = Release|Any CPU
		{3F3B3820-5C08-48EC-AD7D-9EB5501D05E7}.Release|Any CPU.Build.0 = Release|Any CPU
		{3F3B3820-5C08-48EC-AD7D-9EB5501D05E7}.Release|x86.ActiveCfg = Release|Any CPU
		{3F3B3820-5C08-48EC-AD7D-9EB5501D05E7}.Release|x86.Build.0 = Release|Any CPU
		{CD5D45F6-AFA8-465A-9C9A-D4026F43BEC9}.Debug|Any CPU.ActiveCfg = Debug|Any CPU
		{CD5D45F6-AFA8-465A-9C9A-D4026F43BEC9}.Debug|Any CPU.Build.0 = Debug|Any CPU
		{CD5D45F6-AFA8-465A-9C9A-D4026F43BEC9}.Debug|x86.ActiveCfg = Debug|Any CPU
		{CD5D45F6-AFA8-465A-9C9A-D4026F43BEC9}.Debug|x86.Build.0 = Debug|Any CPU
		{CD5D45F6-AFA8-465A-9C9A-D4026F43BEC9}.Release|Any CPU.ActiveCfg = Release|Any CPU
		{CD5D45F6-AFA8-465A-9C9A-D4026F43BEC9}.Release|Any CPU.Build.0 = Release|Any CPU
		{CD5D45F6-AFA8-465A-9C9A-D4026F43BEC9}.Release|x86.ActiveCfg = Release|Any CPU
		{CD5D45F6-AFA8-465A-9C9A-D4026F43BEC9}.Release|x86.Build.0 = Release|Any CPU
	EndGlobalSection
	GlobalSection(SolutionProperties) = preSolution
		HideSolutionNode = FALSE
	EndGlobalSection
	GlobalSection(ExtensibilityGlobals) = postSolution
		SolutionGuid = {A2DBCF7D-6DCE-4A8F-AA62-9EFCE025654D}
	EndGlobalSection
EndGlobal
